// !$*UTF8*$!
{
	archiveVersion = 1;
	classes = {
	};
	objectVersion = 50;
	objects = {

/* Begin PBXBuildFile section */
		117CE21325630FC8006EBDB3 /* AppDelegate.swift in Sources */ = {isa = PBXBuildFile; fileRef = 117CE21225630FC8006EBDB3 /* AppDelegate.swift */; };
		117CE21525630FC8006EBDB3 /* SceneDelegate.swift in Sources */ = {isa = PBXBuildFile; fileRef = 117CE21425630FC8006EBDB3 /* SceneDelegate.swift */; };
		117CE21A25630FC8006EBDB3 /* Main.storyboard in Resources */ = {isa = PBXBuildFile; fileRef = 117CE21825630FC8006EBDB3 /* Main.storyboard */; };
		117CE21C25630FCF006EBDB3 /* Assets.xcassets in Resources */ = {isa = PBXBuildFile; fileRef = 117CE21B25630FCF006EBDB3 /* Assets.xcassets */; };
		117CE21F25630FCF006EBDB3 /* LaunchScreen.storyboard in Resources */ = {isa = PBXBuildFile; fileRef = 117CE21D25630FCF006EBDB3 /* LaunchScreen.storyboard */; };
		117CE228256318E1006EBDB3 /* ImageViewController.swift in Sources */ = {isa = PBXBuildFile; fileRef = 117CE227256318E1006EBDB3 /* ImageViewController.swift */; };
		117CE22A2563210B006EBDB3 /* DemoURLs.swift in Sources */ = {isa = PBXBuildFile; fileRef = 117CE2292563210B006EBDB3 /* DemoURLs.swift */; };
		117CE22C2563211A006EBDB3 /* Lehman.jpeg in Resources */ = {isa = PBXBuildFile; fileRef = 117CE22B2563211A006EBDB3 /* Lehman.jpeg */; };
/* End PBXBuildFile section */

/* Begin PBXFileReference section */
		117CE20F25630FC8006EBDB3 /* Cassini.app */ = {isa = PBXFileReference; explicitFileType = wrapper.application; includeInIndex = 0; path = Cassini.app; sourceTree = BUILT_PRODUCTS_DIR; };
		117CE21225630FC8006EBDB3 /* AppDelegate.swift */ = {isa = PBXFileReference; lastKnownFileType = sourcecode.swift; path = AppDelegate.swift; sourceTree = "<group>"; };
		117CE21425630FC8006EBDB3 /* SceneDelegate.swift */ = {isa = PBXFileReference; lastKnownFileType = sourcecode.swift; path = SceneDelegate.swift; sourceTree = "<group>"; };
		117CE21925630FC8006EBDB3 /* Base */ = {isa = PBXFileReference; lastKnownFileType = file.storyboard; name = Base; path = Base.lproj/Main.storyboard; sourceTree = "<group>"; };
		117CE21B25630FCF006EBDB3 /* Assets.xcassets */ = {isa = PBXFileReference; lastKnownFileType = folder.assetcatalog; path = Assets.xcassets; sourceTree = "<group>"; };
		117CE21E25630FCF006EBDB3 /* Base */ = {isa = PBXFileReference; lastKnownFileType = file.storyboard; name = Base; path = Base.lproj/LaunchScreen.storyboard; sourceTree = "<group>"; };
		117CE22025630FCF006EBDB3 /* Info.plist */ = {isa = PBXFileReference; lastKnownFileType = text.plist.xml; path = Info.plist; sourceTree = "<group>"; };
		117CE227256318E1006EBDB3 /* ImageViewController.swift */ = {isa = PBXFileReference; lastKnownFileType = sourcecode.swift; path = ImageViewController.swift; sourceTree = "<group>"; };
		117CE2292563210B006EBDB3 /* DemoURLs.swift */ = {isa = PBXFileReference; fileEncoding = 4; lastKnownFileType = sourcecode.swift; path = DemoURLs.swift; sourceTree = "<group>"; };
		117CE22B2563211A006EBDB3 /* Lehman.jpeg */ = {isa = PBXFileReference; lastKnownFileType = image.jpeg; path = Lehman.jpeg; sourceTree = "<group>"; };
/* End PBXFileReference section */

/* Begin PBXFrameworksBuildPhase section */
		117CE20C25630FC8006EBDB3 /* Frameworks */ = {
			isa = PBXFrameworksBuildPhase;
			buildActionMask = 2147483647;
			files = (
			);
			runOnlyForDeploymentPostprocessing = 0;
		};
/* End PBXFrameworksBuildPhase section */

/* Begin PBXGroup section */
		117CE20625630FC8006EBDB3 = {
			isa = PBXGroup;
			children = (
				117CE21125630FC8006EBDB3 /* Cassini */,
				117CE21025630FC8006EBDB3 /* Products */,
			);
			sourceTree = "<group>";
		};
		117CE21025630FC8006EBDB3 /* Products */ = {
			isa = PBXGroup;
			children = (
				117CE20F25630FC8006EBDB3 /* Cassini.app */,
			);
			name = Products;
			sourceTree = "<group>";
		};
		117CE21125630FC8006EBDB3 /* Cassini */ = {
			isa = PBXGroup;
			children = (
				117CE22625631808006EBDB3 /* Supporting */,
				117CE21825630FC8006EBDB3 /* Main.storyboard */,
				117CE227256318E1006EBDB3 /* ImageViewController.swift */,
				117CE2292563210B006EBDB3 /* DemoURLs.swift */,
				117CE22B2563211A006EBDB3 /* Lehman.jpeg */,
				117CE22025630FCF006EBDB3 /* Info.plist */,
			);
			path = Cassini;
			sourceTree = "<group>";
		};
		117CE22625631808006EBDB3 /* Supporting */ = {
			isa = PBXGroup;
			children = (
				117CE21B25630FCF006EBDB3 /* Assets.xcassets */,
				117CE21D25630FCF006EBDB3 /* LaunchScreen.storyboard */,
				117CE21425630FC8006EBDB3 /* SceneDelegate.swift */,
				117CE21225630FC8006EBDB3 /* AppDelegate.swift */,
			);
			path = Supporting;
			sourceTree = "<group>";
		};
/* End PBXGroup section */

/* Begin PBXNativeTarget section */
		117CE20E25630FC8006EBDB3 /* Cassini */ = {
			isa = PBXNativeTarget;
			buildConfigurationList = 117CE22325630FCF006EBDB3 /* Build configuration list for PBXNativeTarget "Cassini" */;
			buildPhases = (
				117CE20B25630FC8006EBDB3 /* Sources */,
				117CE20C25630FC8006EBDB3 /* Frameworks */,
				117CE20D25630FC8006EBDB3 /* Resources */,
			);
			buildRules = (
			);
			dependencies = (
			);
			name = Cassini;
			productName = Cassini;
			productReference = 117CE20F25630FC8006EBDB3 /* Cassini.app */;
			productType = "com.apple.product-type.application";
		};
/* End PBXNativeTarget section */

/* Begin PBXProject section */
		117CE20725630FC8006EBDB3 /* Project object */ = {
			isa = PBXProject;
			attributes = {
				LastSwiftUpdateCheck = 1130;
				LastUpgradeCheck = 1130;
				ORGANIZATIONNAME = "Xujuan Chen";
				TargetAttributes = {
					117CE20E25630FC8006EBDB3 = {
						CreatedOnToolsVersion = 11.3.1;
					};
				};
			};
			buildConfigurationList = 117CE20A25630FC8006EBDB3 /* Build configuration list for PBXProject "Cassini" */;
			compatibilityVersion = "Xcode 9.3";
			developmentRegion = en;
			hasScannedForEncodings = 0;
			knownRegions = (
				en,
				Base,
			);
			mainGroup = 117CE20625630FC8006EBDB3;
			productRefGroup = 117CE21025630FC8006EBDB3 /* Products */;
			projectDirPath = "";
			projectRoot = "";
			targets = (
				117CE20E25630FC8006EBDB3 /* Cassini */,
			);
		};
/* End PBXProject section */

/* Begin PBXResourcesBuildPhase section */
		117CE20D25630FC8006EBDB3 /* Resources */ = {
			isa = PBXResourcesBuildPhase;
			buildActionMask = 2147483647;
			files = (
				117CE22C2563211A006EBDB3 /* Lehman.jpeg in Resources */,
				117CE21F25630FCF006EBDB3 /* LaunchScreen.storyboard in Resources */,
				117CE21C25630FCF006EBDB3 /* Assets.xcassets in Resources */,
				117CE21A25630FC8006EBDB3 /* Main.storyboard in Resources */,
			);
			runOnlyForDeploymentPostprocessing = 0;
		};
/* End PBXResourcesBuildPhase section */

/* Begin PBXSourcesBuildPhase section */
		117CE20B25630FC8006EBDB3 /* Sources */ = {
			isa = PBXSourcesBuildPhase;
			buildActionMask = 2147483647;
			files = (
				117CE22A2563210B006EBDB3 /* DemoURLs.swift in Sources */,
				117CE21325630FC8006EBDB3 /* AppDelegate.swift in Sources */,
				117CE228256318E1006EBDB3 /* ImageViewController.swift in Sources */,
				117CE21525630FC8006EBDB3 /* SceneDelegate.swift in Sources */,
			);
			runOnlyForDeploymentPostprocessing = 0;
		};
/* End PBXSourcesBuildPhase section */

/* Begin PBXVariantGroup section */
		117CE21825630FC8006EBDB3 /* Main.storyboard */ = {
			isa = PBXVariantGroup;
			children = (
				117CE21925630FC8006EBDB3 /* Base */,
			);
			name = Main.storyboard;
			sourceTree = "<group>";
		};
		117CE21D25630FCF006EBDB3 /* LaunchScreen.storyboard */ = {
			isa = PBXVariantGroup;
			children = (
				117CE21E25630FCF006EBDB3 /* Base */,
			);
			name = LaunchScreen.storyboard;
			sourceTree = "<group>";
		};
/* End PBXVariantGroup section */

/* Begin XCBuildConfiguration section */
		117CE22125630FCF006EBDB3 /* Debug */ = {
			isa = XCBuildConfiguration;
			buildSettings = {
				ALWAYS_SEARCH_USER_PATHS = NO;
				CLANG_ANALYZER_NONNULL = YES;
				CLANG_ANALYZER_NUMBER_OBJECT_CONVERSION = YES_AGGRESSIVE;
				CLANG_CXX_LANGUAGE_STANDARD = "gnu++14";
				CLANG_CXX_LIBRARY = "libc++";
				CLANG_ENABLE_MODULES = YES;
				CLANG_ENABLE_OBJC_ARC = YES;
				CLANG_ENABLE_OBJC_WEAK = YES;
				CLANG_WARN_BLOCK_CAPTURE_AUTORELEASING = YES;
				CLANG_WARN_BOOL_CONVERSION = YES;
				CLANG_WARN_COMMA = YES;
				CLANG_WARN_CONSTANT_CONVERSION = YES;
				CLANG_WARN_DEPRECATED_OBJC_IMPLEMENTATIONS = YES;
				CLANG_WARN_DIRECT_OBJC_ISA_USAGE = YES_ERROR;
				CLANG_WARN_DOCUMENTATION_COMMENTS = YES;
				CLANG_WARN_EMPTY_BODY = YES;
				CLANG_WARN_ENUM_CONVERSION = YES;
				CLANG_WARN_INFINITE_RECURSION = YES;
				CLANG_WARN_INT_CONVERSION = YES;
				CLANG_WARN_NON_LITERAL_NULL_CONVERSION = YES;
				CLANG_WARN_OBJC_IMPLICIT_RETAIN_SELF = YES;
				CLANG_WARN_OBJC_LITERAL_CONVERSION = YES;
				CLANG_WARN_OBJC_ROOT_CLASS = YES_ERROR;
				CLANG_WARN_RANGE_LOOP_ANALYSIS = YES;
				CLANG_WARN_STRICT_PROTOTYPES = YES;
				CLANG_WARN_SUSPICIOUS_MOVE = YES;
				CLANG_WARN_UNGUARDED_AVAILABILITY = YES_AGGRESSIVE;
				CLANG_WARN_UNREACHABLE_CODE = YES;
				CLANG_WARN__DUPLICATE_METHOD_MATCH = YES;
				COPY_PHASE_STRIP = NO;
				DEBUG_INFORMATION_FORMAT = dwarf;
				ENABLE_STRICT_OBJC_MSGSEND = YES;
				ENABLE_TESTABILITY = YES;
				GCC_C_LANGUAGE_STANDARD = gnu11;
				GCC_DYNAMIC_NO_PIC = NO;
				GCC_NO_COMMON_BLOCKS = YES;
				GCC_OPTIMIZATION_LEVEL = 0;
				GCC_PREPROCESSOR_DEFINITIONS = (
					"DEBUG=1",
					"$(inherited)",
				);
				GCC_WARN_64_TO_32_BIT_CONVERSION = YES;
				GCC_WARN_ABOUT_RETURN_TYPE = YES_ERROR;
				GCC_WARN_UNDECLARED_SELECTOR = YES;
				GCC_WARN_UNINITIALIZED_AUTOS = YES_AGGRESSIVE;
				GCC_WARN_UNUSED_FUNCTION = YES;
				GCC_WARN_UNUSED_VARIABLE = YES;
				IPHONEOS_DEPLOYMENT_TARGET = 13.2;
				MTL_ENABLE_DEBUG_INFO = INCLUDE_SOURCE;
				MTL_FAST_MATH = YES;
				ONLY_ACTIVE_ARCH = YES;
				SDKROOT = iphoneos;
				SWIFT_ACTIVE_COMPILATION_CONDITIONS = DEBUG;
				SWIFT_OPTIMIZATION_LEVEL = "-Onone";
			};
			name = Debug;
		};
		117CE22225630FCF006EBDB3 /* Release */ = {
			isa = XCBuildConfiguration;
			buildSettings = {
				ALWAYS_SEARCH_USER_PATHS = NO;
				CLANG_ANALYZER_NONNULL = YES;
				CLANG_ANALYZER_NUMBER_OBJECT_CONVERSION = YES_AGGRESSIVE;
				CLANG_CXX_LANGUAGE_STANDARD = "gnu++14";
				CLANG_CXX_LIBRARY = "libc++";
				CLANG_ENABLE_MODULES = YES;
				CLANG_ENABLE_OBJC_ARC = YES;
				CLANG_ENABLE_OBJC_WEAK = YES;
				CLANG_WARN_BLOCK_CAPTURE_AUTORELEASING = YES;
				CLANG_WARN_BOOL_CONVERSION = YES;
				CLANG_WARN_COMMA = YES;
				CLANG_WARN_CONSTANT_CONVERSION = YES;
				CLANG_WARN_DEPRECATED_OBJC_IMPLEMENTATIONS = YES;
				CLANG_WARN_DIRECT_OBJC_ISA_USAGE = YES_ERROR;
				CLANG_WARN_DOCUMENTATION_COMMENTS = YES;
				CLANG_WARN_EMPTY_BODY = YES;
				CLANG_WARN_ENUM_CONVERSION = YES;
				CLANG_WARN_INFINITE_RECURSION = YES;
				CLANG_WARN_INT_CONVERSION = YES;
				CLANG_WARN_NON_LITERAL_NULL_CONVERSION = YES;
				CLANG_WARN_OBJC_IMPLICIT_RETAIN_SELF = YES;
				CLANG_WARN_OBJC_LITERAL_CONVERSION = YES;
				CLANG_WARN_OBJC_ROOT_CLASS = YES_ERROR;
				CLANG_WARN_RANGE_LOOP_ANALYSIS = YES;
				CLANG_WARN_STRICT_PROTOTYPES = YES;
				CLANG_WARN_SUSPICIOUS_MOVE = YES;
				CLANG_WARN_UNGUARDED_AVAILABILITY = YES_AGGRESSIVE;
				CLANG_WARN_UNREACHABLE_CODE = YES;
				CLANG_WARN__DUPLICATE_METHOD_MATCH = YES;
				COPY_PHASE_STRIP = NO;
				DEBUG_INFORMATION_FORMAT = "dwarf-with-dsym";
				ENABLE_NS_ASSERTIONS = NO;
				ENABLE_STRICT_OBJC_MSGSEND = YES;
				GCC_C_LANGUAGE_STANDARD = gnu11;
				GCC_NO_COMMON_BLOCKS = YES;
				GCC_WARN_64_TO_32_BIT_CONVERSION = YES;
				GCC_WARN_ABOUT_RETURN_TYPE = YES_ERROR;
				GCC_WARN_UNDECLARED_SELECTOR = YES;
				GCC_WARN_UNINITIALIZED_AUTOS = YES_AGGRESSIVE;
				GCC_WARN_UNUSED_FUNCTION = YES;
				GCC_WARN_UNUSED_VARIABLE = YES;
				IPHONEOS_DEPLOYMENT_TARGET = 13.2;
				MTL_ENABLE_DEBUG_INFO = NO;
				MTL_FAST_MATH = YES;
				SDKROOT = iphoneos;
				SWIFT_COMPILATION_MODE = wholemodule;
				SWIFT_OPTIMIZATION_LEVEL = "-O";
				VALIDATE_PRODUCT = YES;
			};
			name = Release;
		};
		117CE22425630FCF006EBDB3 /* Debug */ = {
			isa = XCBuildConfiguration;
			buildSettings = {
				ASSETCATALOG_COMPILER_APPICON_NAME = AppIcon;
				CODE_SIGN_STYLE = Automatic;
				DEVELOPMENT_TEAM = SEZCW6P8N8;
				INFOPLIST_FILE = Cassini/Info.plist;
				LD_RUNPATH_SEARCH_PATHS = (
					"$(inherited)",
					"@executable_path/Frameworks",
				);
				PRODUCT_BUNDLE_IDENTIFIER = com.xujuanchen.Cassini;
				PRODUCT_NAME = "$(TARGET_NAME)";
				SWIFT_VERSION = 5.0;
				TARGETED_DEVICE_FAMILY = "1,2";
			};
			name = Debug;
		};
		117CE22525630FCF006EBDB3 /* Release */ = {
			isa = XCBuildConfiguration;
			buildSettings = {
				ASSETCATALOG_COMPILER_APPICON_NAME = AppIcon;
				CODE_SIGN_STYLE = Automatic;
				DEVELOPMENT_TEAM = SEZCW6P8N8;
				INFOPLIST_FILE = Cassini/Info.plist;
				LD_RUNPATH_SEARCH_PATHS = (
					"$(inherited)",
					"@executable_path/Frameworks",
				);
				PRODUCT_BUNDLE_IDENTIFIER = com.xujuanchen.Cassini;
				PRODUCT_NAME = "$(TARGET_NAME)";
				SWIFT_VERSION = 5.0;
				TARGETED_DEVICE_FAMILY = "1,2";
			};
			name = Release;
		};
/* End XCBuildConfiguration section */

/* Begin XCConfigurationList section */
		117CE20A25630FC8006EBDB3 /* Build configuration list for PBXProject "Cassini" */ = {
			isa = XCConfigurationList;
			buildConfigurations = (
				117CE22125630FCF006EBDB3 /* Debug */,
				117CE22225630FCF006EBDB3 /* Release */,
			);
			defaultConfigurationIsVisible = 0;
			defaultConfigurationName = Release;
		};
		117CE22325630FCF006EBDB3 /* Build configuration list for PBXNativeTarget "Cassini" */ = {
			isa = XCConfigurationList;
			buildConfigurations = (
				117CE22425630FCF006EBDB3 /* Debug */,
				117CE22525630FCF006EBDB3 /* Release */,
			);
			defaultConfigurationIsVisible = 0;
			defaultConfigurationName = Release;
		};
/* End XCConfigurationList section */
	};
	rootObject = 117CE20725630FC8006EBDB3 /* Project object */;
}
